
Microsoft Visual Studio Solution File, Format Version 12.00
# Visual Studio Version 16
VisualStudioVersion = 16.0.30011.22
MinimumVisualStudioVersion = 10.0.40219.1
Project("{FAE04EC0-301F-11D3-BF4B-00C04F79EFBC}") = "WcfService", "WcfService\WcfService.csproj", "{0CC5A051-F9B1-49DC-990C-92FCCACC2686}"
EndProject
Project("{FAE04EC0-301F-11D3-BF4B-00C04F79EFBC}") = "ServicesLibrary.Core", "ServicesLibrary.Core\ServicesLibrary.Core.csproj", "{68D477BB-AD0C-4273-BF06-F91B8C43D6A2}"
EndProject
Project("{FAE04EC0-301F-11D3-BF4B-00C04F79EFBC}") = "ServicesLibrary", "ServicesLibrary\ServicesLibrary.csproj", "{39E7BD5D-3DB2-4656-82D1-125725A91815}"
EndProject
Global
	GlobalSection(SolutionConfigurationPlatforms) = preSolution
		Debug|Any CPU = Debug|Any CPU
		Release|Any CPU = Release|Any CPU
	EndGlobalSection
	GlobalSection(ProjectConfigurationPlatforms) = postSolution
		{0CC5A051-F9B1-49DC-990C-92FCCACC2686}.Debug|Any CPU.ActiveCfg = Debug|Any CPU
		{0CC5A051-F9B1-49DC-990C-92FCCACC2686}.Debug|Any CPU.Build.0 = Debug|Any CPU
		{0CC5A051-F9B1-49DC-990C-92FCCACC2686}.Release|Any CPU.ActiveCfg = Release|Any CPU
		{0CC5A051-F9B1-49DC-990C-92FCCACC2686}.Release|Any CPU.Build.0 = Release|Any CPU
		{68D477BB-AD0C-4273-BF06-F91B8C43D6A2}.Debug|Any CPU.ActiveCfg = Debug|Any CPU
		{68D477BB-AD0C-4273-BF06-F91B8C43D6A2}.Debug|Any CPU.Build.0 = Debug|Any CPU
		{68D477BB-AD0C-4273-BF06-F91B8C43D6A2}.Release|Any CPU.ActiveCfg = Release|Any CPU
		{68D477BB-AD0C-4273-BF06-F91B8C43D6A2}.Release|Any CPU.Build.0 = Release|Any CPU
		{39E7BD5D-3DB2-4656-82D1-125725A91815}.Debug|Any CPU.ActiveCfg = Debug|Any CPU
		{39E7BD5D-3DB2-4656-82D1-125725A91815}.Debug|Any CPU.Build.0 = Debug|Any CPU
		{39E7BD5D-3DB2-4656-82D1-125725A91815}.Release|Any CPU.ActiveCfg = Release|Any CPU
		{39E7BD5D-3DB2-4656-82D1-125725A91815}.Release|Any CPU.Build.0 = Release|Any CPU
	EndGlobalSection
	GlobalSection(SolutionProperties) = preSolution
		HideSolutionNode = FALSE
	EndGlobalSection
	GlobalSection(ExtensibilityGlobals) = postSolution
		SolutionGuid = {C24723C8-0CD1-4F80-BB88-47FFA94EFE82}
	EndGlobalSection
EndGlobal
